// !$*UTF8*$!
{
	archiveVersion = 1;
	classes = {
	};
	objectVersion = 56;
	objects = {

/* Begin PBXBuildFile section */
		E933DC012A3F7D3900B18A34 /* RecognitionObserver.swift in Sources */ = {isa = PBXBuildFile; fileRef = E933DC002A3F7D3900B18A34 /* RecognitionObserver.swift */; };
		E9461AEE2A49C54500EEA3FD /* TranscriptionSegmentQueue.swift in Sources */ = {isa = PBXBuildFile; fileRef = E9461AED2A49C54500EEA3FD /* TranscriptionSegmentQueue.swift */; };
		E97A64702A4A2265009D847E /* SFTranscriptionSegmentQueue+Joining.swift in Sources */ = {isa = PBXBuildFile; fileRef = E97A646F2A4A2265009D847E /* SFTranscriptionSegmentQueue+Joining.swift */; };
		E9923C802A3F66FB000553F5 /* Assets.xcassets in Resources */ = {isa = PBXBuildFile; fileRef = E9923C7F2A3F66FB000553F5 /* Assets.xcassets */; };
		E992E3902A3B5AD3002336A7 /* PermissionManager.swift in Sources */ = {isa = PBXBuildFile; fileRef = E992E38F2A3B5AD3002336A7 /* PermissionManager.swift */; };
		E992E3922A3B5AFF002336A7 /* AudioManager.swift in Sources */ = {isa = PBXBuildFile; fileRef = E992E3912A3B5AFF002336A7 /* AudioManager.swift */; };
		E992E3942A3B5B5F002336A7 /* RecognitionManager.swift in Sources */ = {isa = PBXBuildFile; fileRef = E992E3932A3B5B5F002336A7 /* RecognitionManager.swift */; };
		E992E3962A3B5BF6002336A7 /* TranscriptionProcessor.swift in Sources */ = {isa = PBXBuildFile; fileRef = E992E3952A3B5BF6002336A7 /* TranscriptionProcessor.swift */; };
		E994ECA82A3B63FC00A475E5 /* StringDictionary+KeyMatching.swift in Sources */ = {isa = PBXBuildFile; fileRef = E994ECA72A3B63FC00A475E5 /* StringDictionary+KeyMatching.swift */; };
		E994ECAA2A3B9FC600A475E5 /* DictionaryManager.swift in Sources */ = {isa = PBXBuildFile; fileRef = E994ECA92A3B9FC600A475E5 /* DictionaryManager.swift */; };
		E9A772612A3C3E8A005BFFA6 /* Commands.strings in Resources */ = {isa = PBXBuildFile; fileRef = E9A772632A3C3E8A005BFFA6 /* Commands.strings */; };
		E9AC444F2A3A5934004FE538 /* Queue.swift in Sources */ = {isa = PBXBuildFile; fileRef = E9AC444E2A3A5934004FE538 /* Queue.swift */; };
		E9C36E672A4498C9008CBE66 /* RecognitionProvider.swift in Sources */ = {isa = PBXBuildFile; fileRef = E9C36E662A4498C9008CBE66 /* RecognitionProvider.swift */; };
		E9D759212A35EF3700DE847C /* SkyMate.swift in Sources */ = {isa = PBXBuildFile; fileRef = E9D759202A35EF3700DE847C /* SkyMate.swift */; };
		E9D759232A35EF3700DE847C /* ContentView.swift in Sources */ = {isa = PBXBuildFile; fileRef = E9D759222A35EF3700DE847C /* ContentView.swift */; };
		E9D759282A35EF3800DE847C /* Preview Assets.xcassets in Resources */ = {isa = PBXBuildFile; fileRef = E9D759272A35EF3800DE847C /* Preview Assets.xcassets */; };
		E9D759312A35F14100DE847C /* Localizable.swift in Sources */ = {isa = PBXBuildFile; fileRef = E9D759302A35F14100DE847C /* Localizable.swift */; };
		E9D759362A35F1B500DE847C /* Localizable.strings in Resources */ = {isa = PBXBuildFile; fileRef = E9D759382A35F1B500DE847C /* Localizable.strings */; };
		E9D7593C2A35F2C900DE847C /* Constant.swift in Sources */ = {isa = PBXBuildFile; fileRef = E9D7593B2A35F2C900DE847C /* Constant.swift */; };
		E9D759422A35FEED00DE847C /* String+Normalization.swift in Sources */ = {isa = PBXBuildFile; fileRef = E9D759412A35FEED00DE847C /* String+Normalization.swift */; };
/* End PBXBuildFile section */

/* Begin PBXFileReference section */
		E933DC002A3F7D3900B18A34 /* RecognitionObserver.swift */ = {isa = PBXFileReference; lastKnownFileType = sourcecode.swift; path = RecognitionObserver.swift; sourceTree = "<group>"; };
		E9461AED2A49C54500EEA3FD /* TranscriptionSegmentQueue.swift */ = {isa = PBXFileReference; lastKnownFileType = sourcecode.swift; path = TranscriptionSegmentQueue.swift; sourceTree = "<group>"; };
		E97A646F2A4A2265009D847E /* SFTranscriptionSegmentQueue+Joining.swift */ = {isa = PBXFileReference; lastKnownFileType = sourcecode.swift; path = "SFTranscriptionSegmentQueue+Joining.swift"; sourceTree = "<group>"; };
		E9923C7F2A3F66FB000553F5 /* Assets.xcassets */ = {isa = PBXFileReference; lastKnownFileType = folder.assetcatalog; path = Assets.xcassets; sourceTree = "<group>"; };
		E992E38F2A3B5AD3002336A7 /* PermissionManager.swift */ = {isa = PBXFileReference; lastKnownFileType = sourcecode.swift; path = PermissionManager.swift; sourceTree = "<group>"; };
		E992E3912A3B5AFF002336A7 /* AudioManager.swift */ = {isa = PBXFileReference; lastKnownFileType = sourcecode.swift; path = AudioManager.swift; sourceTree = "<group>"; };
		E992E3932A3B5B5F002336A7 /* RecognitionManager.swift */ = {isa = PBXFileReference; lastKnownFileType = sourcecode.swift; path = RecognitionManager.swift; sourceTree = "<group>"; };
		E992E3952A3B5BF6002336A7 /* TranscriptionProcessor.swift */ = {isa = PBXFileReference; lastKnownFileType = sourcecode.swift; path = TranscriptionProcessor.swift; sourceTree = "<group>"; };
		E994ECA72A3B63FC00A475E5 /* StringDictionary+KeyMatching.swift */ = {isa = PBXFileReference; lastKnownFileType = sourcecode.swift; path = "StringDictionary+KeyMatching.swift"; sourceTree = "<group>"; };
		E994ECA92A3B9FC600A475E5 /* DictionaryManager.swift */ = {isa = PBXFileReference; lastKnownFileType = sourcecode.swift; path = DictionaryManager.swift; sourceTree = "<group>"; };
		E9A772622A3C3E8A005BFFA6 /* en */ = {isa = PBXFileReference; lastKnownFileType = text.plist.strings; name = en; path = en.lproj/Commands.strings; sourceTree = "<group>"; };
		E9A772642A3C3E8D005BFFA6 /* fr */ = {isa = PBXFileReference; lastKnownFileType = text.plist.strings; name = fr; path = fr.lproj/Commands.strings; sourceTree = "<group>"; };
		E9A772652A3C3E8E005BFFA6 /* es */ = {isa = PBXFileReference; lastKnownFileType = text.plist.strings; name = es; path = es.lproj/Commands.strings; sourceTree = "<group>"; };
		E9AC444E2A3A5934004FE538 /* Queue.swift */ = {isa = PBXFileReference; lastKnownFileType = sourcecode.swift; path = Queue.swift; sourceTree = "<group>"; };
		E9C36E662A4498C9008CBE66 /* RecognitionProvider.swift */ = {isa = PBXFileReference; lastKnownFileType = sourcecode.swift; path = RecognitionProvider.swift; sourceTree = "<group>"; };
		E9D7591D2A35EF3700DE847C /* SkyMate.app */ = {isa = PBXFileReference; explicitFileType = wrapper.application; includeInIndex = 0; path = SkyMate.app; sourceTree = BUILT_PRODUCTS_DIR; };
		E9D759202A35EF3700DE847C /* SkyMate.swift */ = {isa = PBXFileReference; lastKnownFileType = sourcecode.swift; path = SkyMate.swift; sourceTree = "<group>"; };
		E9D759222A35EF3700DE847C /* ContentView.swift */ = {isa = PBXFileReference; lastKnownFileType = sourcecode.swift; path = ContentView.swift; sourceTree = "<group>"; };
		E9D759272A35EF3800DE847C /* Preview Assets.xcassets */ = {isa = PBXFileReference; lastKnownFileType = folder.assetcatalog; path = "Preview Assets.xcassets"; sourceTree = "<group>"; };
		E9D759302A35F14100DE847C /* Localizable.swift */ = {isa = PBXFileReference; lastKnownFileType = sourcecode.swift; path = Localizable.swift; sourceTree = "<group>"; };
		E9D759372A35F1B500DE847C /* en */ = {isa = PBXFileReference; lastKnownFileType = text.plist.strings; name = en; path = en.lproj/Localizable.strings; sourceTree = "<group>"; };
		E9D759392A35F1D400DE847C /* fr */ = {isa = PBXFileReference; lastKnownFileType = text.plist.strings; name = fr; path = fr.lproj/Localizable.strings; sourceTree = "<group>"; };
		E9D7593A2A35F1DB00DE847C /* es */ = {isa = PBXFileReference; lastKnownFileType = text.plist.strings; name = es; path = es.lproj/Localizable.strings; sourceTree = "<group>"; };
		E9D7593B2A35F2C900DE847C /* Constant.swift */ = {isa = PBXFileReference; lastKnownFileType = sourcecode.swift; path = Constant.swift; sourceTree = "<group>"; };
		E9D759412A35FEED00DE847C /* String+Normalization.swift */ = {isa = PBXFileReference; lastKnownFileType = sourcecode.swift; path = "String+Normalization.swift"; sourceTree = "<group>"; };
/* End PBXFileReference section */

/* Begin PBXFrameworksBuildPhase section */
		E9D7591A2A35EF3700DE847C /* Frameworks */ = {
			isa = PBXFrameworksBuildPhase;
			buildActionMask = 2147483647;
			files = (
			);
			runOnlyForDeploymentPostprocessing = 0;
		};
/* End PBXFrameworksBuildPhase section */

/* Begin PBXGroup section */
		E97A646C2A4A185E009D847E /* Recognition */ = {
			isa = PBXGroup;
			children = (
				E992E3932A3B5B5F002336A7 /* RecognitionManager.swift */,
				E933DC002A3F7D3900B18A34 /* RecognitionObserver.swift */,
				E9C36E662A4498C9008CBE66 /* RecognitionProvider.swift */,
			);
			path = Recognition;
			sourceTree = "<group>";
		};
		E97A646D2A4A1866009D847E /* Transcription */ = {
			isa = PBXGroup;
			children = (
				E994ECA92A3B9FC600A475E5 /* DictionaryManager.swift */,
				E992E3952A3B5BF6002336A7 /* TranscriptionProcessor.swift */,
				E9461AED2A49C54500EEA3FD /* TranscriptionSegmentQueue.swift */,
			);
			path = Transcription;
			sourceTree = "<group>";
		};
		E97A646E2A4A21FE009D847E /* Audio */ = {
			isa = PBXGroup;
			children = (
				E992E3912A3B5AFF002336A7 /* AudioManager.swift */,
				E992E38F2A3B5AD3002336A7 /* PermissionManager.swift */,
			);
			path = Audio;
			sourceTree = "<group>";
		};
		E9AC444D2A3A5920004FE538 /* Models */ = {
			isa = PBXGroup;
			children = (
				E97A646E2A4A21FE009D847E /* Audio */,
				E97A646C2A4A185E009D847E /* Recognition */,
				E97A646D2A4A1866009D847E /* Transcription */,
				E9AC444E2A3A5934004FE538 /* Queue.swift */,
			);
			path = Models;
			sourceTree = "<group>";
		};
		E9D759142A35EF3700DE847C = {
			isa = PBXGroup;
			children = (
				E9D7591F2A35EF3700DE847C /* SkyMate */,
				E9D7591E2A35EF3700DE847C /* Products */,
			);
			sourceTree = "<group>";
		};
		E9D7591E2A35EF3700DE847C /* Products */ = {
			isa = PBXGroup;
			children = (
				E9D7591D2A35EF3700DE847C /* SkyMate.app */,
			);
			name = Products;
			sourceTree = "<group>";
		};
		E9D7591F2A35EF3700DE847C /* SkyMate */ = {
			isa = PBXGroup;
			children = (
				E9AC444D2A3A5920004FE538 /* Models */,
				E9D7592E2A35F09C00DE847C /* Views */,
				E9D7592F2A35F12200DE847C /* Utilities */,
				E9D759322A35F17F00DE847C /* Resources */,
				E9D759202A35EF3700DE847C /* SkyMate.swift */,
				E9D759262A35EF3800DE847C /* Preview Content */,
			);
			path = SkyMate;
			sourceTree = "<group>";
		};
		E9D759262A35EF3800DE847C /* Preview Content */ = {
			isa = PBXGroup;
			children = (
				E9D759272A35EF3800DE847C /* Preview Assets.xcassets */,
			);
			path = "Preview Content";
			sourceTree = "<group>";
		};
		E9D7592E2A35F09C00DE847C /* Views */ = {
			isa = PBXGroup;
			children = (
				E9D759222A35EF3700DE847C /* ContentView.swift */,
			);
			path = Views;
			sourceTree = "<group>";
		};
		E9D7592F2A35F12200DE847C /* Utilities */ = {
			isa = PBXGroup;
			children = (
				E9D759402A35FEDB00DE847C /* Extensions */,
				E9D7593B2A35F2C900DE847C /* Constant.swift */,
				E9D759302A35F14100DE847C /* Localizable.swift */,
			);
			path = Utilities;
			sourceTree = "<group>";
		};
		E9D759322A35F17F00DE847C /* Resources */ = {
			isa = PBXGroup;
			children = (
				E9923C7F2A3F66FB000553F5 /* Assets.xcassets */,
				E9D759352A35F1AA00DE847C /* Localizables */,
			);
			path = Resources;
			sourceTree = "<group>";
		};
		E9D759352A35F1AA00DE847C /* Localizables */ = {
			isa = PBXGroup;
			children = (
				E9D759382A35F1B500DE847C /* Localizable.strings */,
				E9A772632A3C3E8A005BFFA6 /* Commands.strings */,
			);
			path = Localizables;
			sourceTree = "<group>";
		};
		E9D759402A35FEDB00DE847C /* Extensions */ = {
			isa = PBXGroup;
			children = (
				E97A646F2A4A2265009D847E /* SFTranscriptionSegmentQueue+Joining.swift */,
				E9D759412A35FEED00DE847C /* String+Normalization.swift */,
				E994ECA72A3B63FC00A475E5 /* StringDictionary+KeyMatching.swift */,
			);
			path = Extensions;
			sourceTree = "<group>";
		};
/* End PBXGroup section */

/* Begin PBXNativeTarget section */
		E9D7591C2A35EF3700DE847C /* SkyMate */ = {
			isa = PBXNativeTarget;
			buildConfigurationList = E9D7592B2A35EF3800DE847C /* Build configuration list for PBXNativeTarget "SkyMate" */;
			buildPhases = (
				E9D759192A35EF3700DE847C /* Sources */,
				E9D7591A2A35EF3700DE847C /* Frameworks */,
				E9D7591B2A35EF3700DE847C /* Resources */,
			);
			buildRules = (
			);
			dependencies = (
			);
			name = SkyMate;
			productName = SkyMate;
			productReference = E9D7591D2A35EF3700DE847C /* SkyMate.app */;
			productType = "com.apple.product-type.application";
		};
/* End PBXNativeTarget section */

/* Begin PBXProject section */
		E9D759152A35EF3700DE847C /* Project object */ = {
			isa = PBXProject;
			attributes = {
				BuildIndependentTargetsInParallel = 1;
				LastSwiftUpdateCheck = 1430;
				LastUpgradeCheck = 1430;
				TargetAttributes = {
					E9D7591C2A35EF3700DE847C = {
						CreatedOnToolsVersion = 14.3;
					};
				};
			};
			buildConfigurationList = E9D759182A35EF3700DE847C /* Build configuration list for PBXProject "SkyMate" */;
			compatibilityVersion = "Xcode 14.0";
			developmentRegion = en;
			hasScannedForEncodings = 0;
			knownRegions = (
				en,
				Base,
				fr,
				es,
			);
			mainGroup = E9D759142A35EF3700DE847C;
			productRefGroup = E9D7591E2A35EF3700DE847C /* Products */;
			projectDirPath = "";
			projectRoot = "";
			targets = (
				E9D7591C2A35EF3700DE847C /* SkyMate */,
			);
		};
/* End PBXProject section */

/* Begin PBXResourcesBuildPhase section */
		E9D7591B2A35EF3700DE847C /* Resources */ = {
			isa = PBXResourcesBuildPhase;
			buildActionMask = 2147483647;
			files = (
				E9D759282A35EF3800DE847C /* Preview Assets.xcassets in Resources */,
				E9D759362A35F1B500DE847C /* Localizable.strings in Resources */,
				E9923C802A3F66FB000553F5 /* Assets.xcassets in Resources */,
				E9A772612A3C3E8A005BFFA6 /* Commands.strings in Resources */,
			);
			runOnlyForDeploymentPostprocessing = 0;
		};
/* End PBXResourcesBuildPhase section */

/* Begin PBXSourcesBuildPhase section */
		E9D759192A35EF3700DE847C /* Sources */ = {
			isa = PBXSourcesBuildPhase;
			buildActionMask = 2147483647;
			files = (
				E9D759232A35EF3700DE847C /* ContentView.swift in Sources */,
				E9D759312A35F14100DE847C /* Localizable.swift in Sources */,
				E9461AEE2A49C54500EEA3FD /* TranscriptionSegmentQueue.swift in Sources */,
				E994ECA82A3B63FC00A475E5 /* StringDictionary+KeyMatching.swift in Sources */,
				E9D759422A35FEED00DE847C /* String+Normalization.swift in Sources */,
				E9D759212A35EF3700DE847C /* SkyMate.swift in Sources */,
				E9C36E672A4498C9008CBE66 /* RecognitionProvider.swift in Sources */,
				E992E3962A3B5BF6002336A7 /* TranscriptionProcessor.swift in Sources */,
				E9D7593C2A35F2C900DE847C /* Constant.swift in Sources */,
				E992E3922A3B5AFF002336A7 /* AudioManager.swift in Sources */,
				E992E3942A3B5B5F002336A7 /* RecognitionManager.swift in Sources */,
				E992E3902A3B5AD3002336A7 /* PermissionManager.swift in Sources */,
				E933DC012A3F7D3900B18A34 /* RecognitionObserver.swift in Sources */,
				E9AC444F2A3A5934004FE538 /* Queue.swift in Sources */,
				E97A64702A4A2265009D847E /* SFTranscriptionSegmentQueue+Joining.swift in Sources */,
				E994ECAA2A3B9FC600A475E5 /* DictionaryManager.swift in Sources */,
			);
			runOnlyForDeploymentPostprocessing = 0;
		};
/* End PBXSourcesBuildPhase section */

/* Begin PBXVariantGroup section */
		E9A772632A3C3E8A005BFFA6 /* Commands.strings */ = {
			isa = PBXVariantGroup;
			children = (
				E9A772622A3C3E8A005BFFA6 /* en */,
				E9A772642A3C3E8D005BFFA6 /* fr */,
				E9A772652A3C3E8E005BFFA6 /* es */,
			);
			name = Commands.strings;
			sourceTree = "<group>";
		};
		E9D759382A35F1B500DE847C /* Localizable.strings */ = {
			isa = PBXVariantGroup;
			children = (
				E9D759372A35F1B500DE847C /* en */,
				E9D759392A35F1D400DE847C /* fr */,
				E9D7593A2A35F1DB00DE847C /* es */,
			);
			name = Localizable.strings;
			sourceTree = "<group>";
		};
/* End PBXVariantGroup section */

/* Begin XCBuildConfiguration section */
		E9D759292A35EF3800DE847C /* Debug */ = {
			isa = XCBuildConfiguration;
			buildSettings = {
				ALWAYS_SEARCH_USER_PATHS = NO;
				CLANG_ANALYZER_LOCALIZABILITY_NONLOCALIZED = YES;
				CLANG_ANALYZER_NONNULL = YES;
				CLANG_ANALYZER_NUMBER_OBJECT_CONVERSION = YES_AGGRESSIVE;
				CLANG_CXX_LANGUAGE_STANDARD = "gnu++20";
				CLANG_ENABLE_MODULES = YES;
				CLANG_ENABLE_OBJC_ARC = YES;
				CLANG_ENABLE_OBJC_WEAK = YES;
				CLANG_WARN_BLOCK_CAPTURE_AUTORELEASING = YES;
				CLANG_WARN_BOOL_CONVERSION = YES;
				CLANG_WARN_COMMA = YES;
				CLANG_WARN_CONSTANT_CONVERSION = YES;
				CLANG_WARN_DEPRECATED_OBJC_IMPLEMENTATIONS = YES;
				CLANG_WARN_DIRECT_OBJC_ISA_USAGE = YES_ERROR;
				CLANG_WARN_DOCUMENTATION_COMMENTS = YES;
				CLANG_WARN_EMPTY_BODY = YES;
				CLANG_WARN_ENUM_CONVERSION = YES;
				CLANG_WARN_INFINITE_RECURSION = YES;
				CLANG_WARN_INT_CONVERSION = YES;
				CLANG_WARN_NON_LITERAL_NULL_CONVERSION = YES;
				CLANG_WARN_OBJC_IMPLICIT_RETAIN_SELF = YES;
				CLANG_WARN_OBJC_LITERAL_CONVERSION = YES;
				CLANG_WARN_OBJC_ROOT_CLASS = YES_ERROR;
				CLANG_WARN_QUOTED_INCLUDE_IN_FRAMEWORK_HEADER = YES;
				CLANG_WARN_RANGE_LOOP_ANALYSIS = YES;
				CLANG_WARN_STRICT_PROTOTYPES = YES;
				CLANG_WARN_SUSPICIOUS_MOVE = YES;
				CLANG_WARN_UNGUARDED_AVAILABILITY = YES_AGGRESSIVE;
				CLANG_WARN_UNREACHABLE_CODE = YES;
				CLANG_WARN__DUPLICATE_METHOD_MATCH = YES;
				COPY_PHASE_STRIP = NO;
				DEBUG_INFORMATION_FORMAT = dwarf;
				ENABLE_STRICT_OBJC_MSGSEND = YES;
				ENABLE_TESTABILITY = YES;
				GCC_C_LANGUAGE_STANDARD = gnu11;
				GCC_DYNAMIC_NO_PIC = NO;
				GCC_NO_COMMON_BLOCKS = YES;
				GCC_OPTIMIZATION_LEVEL = 0;
				GCC_PREPROCESSOR_DEFINITIONS = (
					"DEBUG=1",
					"$(inherited)",
				);
				GCC_WARN_64_TO_32_BIT_CONVERSION = YES;
				GCC_WARN_ABOUT_RETURN_TYPE = YES_ERROR;
				GCC_WARN_UNDECLARED_SELECTOR = YES;
				GCC_WARN_UNINITIALIZED_AUTOS = YES_AGGRESSIVE;
				GCC_WARN_UNUSED_FUNCTION = YES;
				GCC_WARN_UNUSED_VARIABLE = YES;
				IPHONEOS_DEPLOYMENT_TARGET = 16.4;
				MTL_ENABLE_DEBUG_INFO = INCLUDE_SOURCE;
				MTL_FAST_MATH = YES;
				ONLY_ACTIVE_ARCH = YES;
				SDKROOT = iphoneos;
				SWIFT_ACTIVE_COMPILATION_CONDITIONS = DEBUG;
				SWIFT_OPTIMIZATION_LEVEL = "-Onone";
			};
			name = Debug;
		};
		E9D7592A2A35EF3800DE847C /* Release */ = {
			isa = XCBuildConfiguration;
			buildSettings = {
				ALWAYS_SEARCH_USER_PATHS = NO;
				CLANG_ANALYZER_LOCALIZABILITY_NONLOCALIZED = YES;
				CLANG_ANALYZER_NONNULL = YES;
				CLANG_ANALYZER_NUMBER_OBJECT_CONVERSION = YES_AGGRESSIVE;
				CLANG_CXX_LANGUAGE_STANDARD = "gnu++20";
				CLANG_ENABLE_MODULES = YES;
				CLANG_ENABLE_OBJC_ARC = YES;
				CLANG_ENABLE_OBJC_WEAK = YES;
				CLANG_WARN_BLOCK_CAPTURE_AUTORELEASING = YES;
				CLANG_WARN_BOOL_CONVERSION = YES;
				CLANG_WARN_COMMA = YES;
				CLANG_WARN_CONSTANT_CONVERSION = YES;
				CLANG_WARN_DEPRECATED_OBJC_IMPLEMENTATIONS = YES;
				CLANG_WARN_DIRECT_OBJC_ISA_USAGE = YES_ERROR;
				CLANG_WARN_DOCUMENTATION_COMMENTS = YES;
				CLANG_WARN_EMPTY_BODY = YES;
				CLANG_WARN_ENUM_CONVERSION = YES;
				CLANG_WARN_INFINITE_RECURSION = YES;
				CLANG_WARN_INT_CONVERSION = YES;
				CLANG_WARN_NON_LITERAL_NULL_CONVERSION = YES;
				CLANG_WARN_OBJC_IMPLICIT_RETAIN_SELF = YES;
				CLANG_WARN_OBJC_LITERAL_CONVERSION = YES;
				CLANG_WARN_OBJC_ROOT_CLASS = YES_ERROR;
				CLANG_WARN_QUOTED_INCLUDE_IN_FRAMEWORK_HEADER = YES;
				CLANG_WARN_RANGE_LOOP_ANALYSIS = YES;
				CLANG_WARN_STRICT_PROTOTYPES = YES;
				CLANG_WARN_SUSPICIOUS_MOVE = YES;
				CLANG_WARN_UNGUARDED_AVAILABILITY = YES_AGGRESSIVE;
				CLANG_WARN_UNREACHABLE_CODE = YES;
				CLANG_WARN__DUPLICATE_METHOD_MATCH = YES;
				COPY_PHASE_STRIP = NO;
				DEBUG_INFORMATION_FORMAT = "dwarf-with-dsym";
				ENABLE_NS_ASSERTIONS = NO;
				ENABLE_STRICT_OBJC_MSGSEND = YES;
				GCC_C_LANGUAGE_STANDARD = gnu11;
				GCC_NO_COMMON_BLOCKS = YES;
				GCC_WARN_64_TO_32_BIT_CONVERSION = YES;
				GCC_WARN_ABOUT_RETURN_TYPE = YES_ERROR;
				GCC_WARN_UNDECLARED_SELECTOR = YES;
				GCC_WARN_UNINITIALIZED_AUTOS = YES_AGGRESSIVE;
				GCC_WARN_UNUSED_FUNCTION = YES;
				GCC_WARN_UNUSED_VARIABLE = YES;
				IPHONEOS_DEPLOYMENT_TARGET = 16.4;
				MTL_ENABLE_DEBUG_INFO = NO;
				MTL_FAST_MATH = YES;
				SDKROOT = iphoneos;
				SWIFT_COMPILATION_MODE = wholemodule;
				SWIFT_OPTIMIZATION_LEVEL = "-O";
				VALIDATE_PRODUCT = YES;
			};
			name = Release;
		};
		E9D7592C2A35EF3800DE847C /* Debug */ = {
			isa = XCBuildConfiguration;
			buildSettings = {
				ASSETCATALOG_COMPILER_APPICON_NAME = AppIcon;
				ASSETCATALOG_COMPILER_GLOBAL_ACCENT_COLOR_NAME = AccentColor;
				CODE_SIGN_STYLE = Automatic;
				CURRENT_PROJECT_VERSION = 1;
				DEVELOPMENT_ASSET_PATHS = "\"SkyMate/Preview Content\"";
				DEVELOPMENT_TEAM = 35HGB43CC5;
				ENABLE_PREVIEWS = YES;
				GENERATE_INFOPLIST_FILE = YES;
				INFOPLIST_KEY_UIApplicationSceneManifest_Generation = YES;
				INFOPLIST_KEY_UIApplicationSupportsIndirectInputEvents = YES;
				INFOPLIST_KEY_UILaunchScreen_Generation = YES;
				INFOPLIST_KEY_UISupportedInterfaceOrientations_iPad = "UIInterfaceOrientationPortrait UIInterfaceOrientationPortraitUpsideDown UIInterfaceOrientationLandscapeLeft UIInterfaceOrientationLandscapeRight";
				INFOPLIST_KEY_UISupportedInterfaceOrientations_iPhone = "UIInterfaceOrientationPortrait UIInterfaceOrientationLandscapeLeft UIInterfaceOrientationLandscapeRight";
				LD_RUNPATH_SEARCH_PATHS = (
					"$(inherited)",
					"@executable_path/Frameworks",
				);
				MARKETING_VERSION = 1.0;
				PRODUCT_BUNDLE_IDENTIFIER = dev.happios.SkyMate;
				PRODUCT_NAME = "$(TARGET_NAME)";
				SWIFT_EMIT_LOC_STRINGS = YES;
				SWIFT_VERSION = 5.0;
				TARGETED_DEVICE_FAMILY = "1,2";
			};
			name = Debug;
		};
		E9D7592D2A35EF3800DE847C /* Release */ = {
			isa = XCBuildConfiguration;
			buildSettings = {
				ASSETCATALOG_COMPILER_APPICON_NAME = AppIcon;
				ASSETCATALOG_COMPILER_GLOBAL_ACCENT_COLOR_NAME = AccentColor;
				CODE_SIGN_STYLE = Automatic;
				CURRENT_PROJECT_VERSION = 1;
				DEVELOPMENT_ASSET_PATHS = "\"SkyMate/Preview Content\"";
				DEVELOPMENT_TEAM = 35HGB43CC5;
				ENABLE_PREVIEWS = YES;
				GENERATE_INFOPLIST_FILE = YES;
				INFOPLIST_KEY_UIApplicationSceneManifest_Generation = YES;
				INFOPLIST_KEY_UIApplicationSupportsIndirectInputEvents = YES;
				INFOPLIST_KEY_UILaunchScreen_Generation = YES;
				INFOPLIST_KEY_UISupportedInterfaceOrientations_iPad = "UIInterfaceOrientationPortrait UIInterfaceOrientationPortraitUpsideDown UIInterfaceOrientationLandscapeLeft UIInterfaceOrientationLandscapeRight";
				INFOPLIST_KEY_UISupportedInterfaceOrientations_iPhone = "UIInterfaceOrientationPortrait UIInterfaceOrientationLandscapeLeft UIInterfaceOrientationLandscapeRight";
				LD_RUNPATH_SEARCH_PATHS = (
					"$(inherited)",
					"@executable_path/Frameworks",
				);
				MARKETING_VERSION = 1.0;
				PRODUCT_BUNDLE_IDENTIFIER = dev.happios.SkyMate;
				PRODUCT_NAME = "$(TARGET_NAME)";
				SWIFT_EMIT_LOC_STRINGS = YES;
				SWIFT_VERSION = 5.0;
				TARGETED_DEVICE_FAMILY = "1,2";
			};
			name = Release;
		};
/* End XCBuildConfiguration section */

/* Begin XCConfigurationList section */
		E9D759182A35EF3700DE847C /* Build configuration list for PBXProject "SkyMate" */ = {
			isa = XCConfigurationList;
			buildConfigurations = (
				E9D759292A35EF3800DE847C /* Debug */,
				E9D7592A2A35EF3800DE847C /* Release */,
			);
			defaultConfigurationIsVisible = 0;
			defaultConfigurationName = Release;
		};
		E9D7592B2A35EF3800DE847C /* Build configuration list for PBXNativeTarget "SkyMate" */ = {
			isa = XCConfigurationList;
			buildConfigurations = (
				E9D7592C2A35EF3800DE847C /* Debug */,
				E9D7592D2A35EF3800DE847C /* Release */,
			);
			defaultConfigurationIsVisible = 0;
			defaultConfigurationName = Release;
		};
/* End XCConfigurationList section */
	};
	rootObject = E9D759152A35EF3700DE847C /* Project object */;
}
